// !$*UTF8*$!
{
	archiveVersion = 1;
	classes = {
	};
	objectVersion = 46;
	objects = {

/* Begin PBXBuildFile section */
		805E6B2517D2D90B00CFAB66 /* main.cpp in Sources */ = {isa = PBXBuildFile; fileRef = 805E6B2417D2D90B00CFAB66 /* main.cpp */; };
		805E6B2717D2D90B00CFAB66 /* Isabel.1 in CopyFiles */ = {isa = PBXBuildFile; fileRef = 805E6B2617D2D90B00CFAB66 /* Isabel.1 */; };
/* End PBXBuildFile section */

/* Begin PBXCopyFilesBuildPhase section */
		805E6B1E17D2D90B00CFAB66 /* CopyFiles */ = {
			isa = PBXCopyFilesBuildPhase;
			buildActionMask = 2147483647;
			dstPath = /usr/share/man/man1/;
			dstSubfolderSpec = 0;
			files = (
				805E6B2717D2D90B00CFAB66 /* Isabel.1 in CopyFiles */,
			);
			runOnlyForDeploymentPostprocessing = 1;
		};
/* End PBXCopyFilesBuildPhase section */

/* Begin PBXFileReference section */
		805E6B2017D2D90B00CFAB66 /* Isabel */ = {isa = PBXFileReference; explicitFileType = "compiled.mach-o.executable"; includeInIndex = 0; path = Isabel; sourceTree = BUILT_PRODUCTS_DIR; };
		805E6B2417D2D90B00CFAB66 /* main.cpp */ = {isa = PBXFileReference; lastKnownFileType = sourcecode.cpp.cpp; path = main.cpp; sourceTree = "<group>"; };
		805E6B2617D2D90B00CFAB66 /* Isabel.1 */ = {isa = PBXFileReference; lastKnownFileType = text.man; path = Isabel.1; sourceTree = "<group>"; };
/* End PBXFileReference section */

/* Begin PBXFrameworksBuildPhase section */
		805E6B1D17D2D90B00CFAB66 /* Frameworks */ = {
			isa = PBXFrameworksBuildPhase;
			buildActionMask = 2147483647;
			files = (
			);
			runOnlyForDeploymentPostprocessing = 0;
		};
/* End PBXFrameworksBuildPhase section */

/* Begin PBXGroup section */
		805E6B1517D2D90B00CFAB66 = {
			isa = PBXGroup;
			children = (
				805E6B2317D2D90B00CFAB66 /* Isabel */,
				805E6B2117D2D90B00CFAB66 /* Products */,
			);
			sourceTree = "<group>";
		};
		805E6B2117D2D90B00CFAB66 /* Products */ = {
			isa = PBXGroup;
			children = (
				805E6B2017D2D90B00CFAB66 /* Isabel */,
			);
			name = Products;
			sourceTree = "<group>";
		};
		805E6B2317D2D90B00CFAB66 /* Isabel */ = {
			isa = PBXGroup;
			children = (
				805E6B2417D2D90B00CFAB66 /* main.cpp */,
				805E6B2617D2D90B00CFAB66 /* Isabel.1 */,
			);
			path = Isabel;
			sourceTree = "<group>";
		};
/* End PBXGroup section */

/* Begin PBXNativeTarget section */
		805E6B1F17D2D90B00CFAB66 /* Isabel */ = {
			isa = PBXNativeTarget;
			buildConfigurationList = 805E6B2A17D2D90B00CFAB66 /* Build configuration list for PBXNativeTarget "Isabel" */;
			buildPhases = (
				805E6B1C17D2D90B00CFAB66 /* Sources */,
				805E6B1D17D2D90B00CFAB66 /* Frameworks */,
				805E6B1E17D2D90B00CFAB66 /* CopyFiles */,
			);
			buildRules = (
			);
			dependencies = (
			);
			name = Isabel;
			productName = Isabel;
			productReference = 805E6B2017D2D90B00CFAB66 /* Isabel */;
			productType = "com.apple.product-type.tool";
		};
/* End PBXNativeTarget section */

/* Begin PBXProject section */
		805E6B1717D2D90B00CFAB66 /* Project object */ = {
			isa = PBXProject;
			attributes = {
				LastUpgradeCheck = 0420;
				ORGANIZATIONNAME = "Vanderbilt University";
			};
			buildConfigurationList = 805E6B1A17D2D90B00CFAB66 /* Build configuration list for PBXProject "Isabel" */;
			compatibilityVersion = "Xcode 3.2";
			developmentRegion = English;
			hasScannedForEncodings = 0;
			knownRegions = (
				en,
			);
			mainGroup = 805E6B1517D2D90B00CFAB66;
			productRefGroup = 805E6B2117D2D90B00CFAB66 /* Products */;
			projectDirPath = "";
			projectRoot = "";
			targets = (
				805E6B1F17D2D90B00CFAB66 /* Isabel */,
			);
		};
/* End PBXProject section */

/* Begin PBXSourcesBuildPhase section */
		805E6B1C17D2D90B00CFAB66 /* Sources */ = {
			isa = PBXSourcesBuildPhase;
			buildActionMask = 2147483647;
			files = (
				805E6B2517D2D90B00CFAB66 /* main.cpp in Sources */,
			);
			runOnlyForDeploymentPostprocessing = 0;
		};
/* End PBXSourcesBuildPhase section */

/* Begin XCBuildConfiguration section */
		805E6B2817D2D90B00CFAB66 /* Debug */ = {
			isa = XCBuildConfiguration;
			buildSettings = {
				ALWAYS_SEARCH_USER_PATHS = NO;
				ARCHS = "$(ARCHS_STANDARD_64_BIT)";
				CLANG_ENABLE_OBJC_ARC = YES;
				COPY_PHASE_STRIP = NO;
				GCC_C_LANGUAGE_STANDARD = gnu99;
				GCC_DYNAMIC_NO_PIC = NO;
				GCC_ENABLE_OBJC_EXCEPTIONS = YES;
				GCC_OPTIMIZATION_LEVEL = 0;
				GCC_PREPROCESSOR_DEFINITIONS = (
					"DEBUG=1",
					"$(inherited)",
				);
				GCC_SYMBOLS_PRIVATE_EXTERN = NO;
				GCC_VERSION = com.apple.compilers.llvm.clang.1_0;
				GCC_WARN_64_TO_32_BIT_CONVERSION = YES;
				GCC_WARN_ABOUT_MISSING_PROTOTYPES = YES;
				GCC_WARN_ABOUT_RETURN_TYPE = YES;
				GCC_WARN_UNUSED_VARIABLE = YES;
				MACOSX_DEPLOYMENT_TARGET = 10.7;
				ONLY_ACTIVE_ARCH = YES;
				SDKROOT = macosx;
			};
			name = Debug;
		};
		805E6B2917D2D90B00CFAB66 /* Release */ = {
			isa = XCBuildConfiguration;
			buildSettings = {
				ALWAYS_SEARCH_USER_PATHS = NO;
				ARCHS = "$(ARCHS_STANDARD_64_BIT)";
				CLANG_ENABLE_OBJC_ARC = YES;
				COPY_PHASE_STRIP = YES;
				DEBUG_INFORMATION_FORMAT = "dwarf-with-dsym";
				GCC_C_LANGUAGE_STANDARD = gnu99;
				GCC_ENABLE_OBJC_EXCEPTIONS = YES;
				GCC_VERSION = com.apple.compilers.llvm.clang.1_0;
				GCC_WARN_64_TO_32_BIT_CONVERSION = YES;
				GCC_WARN_ABOUT_MISSING_PROTOTYPES = YES;
				GCC_WARN_ABOUT_RETURN_TYPE = YES;
				GCC_WARN_UNUSED_VARIABLE = YES;
				MACOSX_DEPLOYMENT_TARGET = 10.7;
				SDKROOT = macosx;
			};
			name = Release;
		};
		805E6B2B17D2D90B00CFAB66 /* Debug */ = {
			isa = XCBuildConfiguration;
			buildSettings = {
				PRODUCT_NAME = "$(TARGET_NAME)";
			};
			name = Debug;
		};
		805E6B2C17D2D90B00CFAB66 /* Release */ = {
			isa = XCBuildConfiguration;
			buildSettings = {
				PRODUCT_NAME = "$(TARGET_NAME)";
			};
			name = Release;
		};
/* End XCBuildConfiguration section */

/* Begin XCConfigurationList section */
		805E6B1A17D2D90B00CFAB66 /* Build configuration list for PBXProject "Isabel" */ = {
			isa = XCConfigurationList;
			buildConfigurations = (
				805E6B2817D2D90B00CFAB66 /* Debug */,
				805E6B2917D2D90B00CFAB66 /* Release */,
			);
			defaultConfigurationIsVisible = 0;
			defaultConfigurationName = Release;
		};
		805E6B2A17D2D90B00CFAB66 /* Build configuration list for PBXNativeTarget "Isabel" */ = {
			isa = XCConfigurationList;
			buildConfigurations = (
				805E6B2B17D2D90B00CFAB66 /* Debug */,
				805E6B2C17D2D90B00CFAB66 /* Release */,
			);
			defaultConfigurationIsVisible = 0;
		};
/* End XCConfigurationList section */
	};
	rootObject = 805E6B1717D2D90B00CFAB66 /* Project object */;
}
