// !$*UTF8*$!
{
	archiveVersion = 1;
	classes = {
	};
	objectVersion = 46;
	objects = {

/* Begin PBXBuildFile section */
		802D6DDE17F5E97600A6420E /* main.cpp in Sources */ = {isa = PBXBuildFile; fileRef = 802D6DDD17F5E97600A6420E /* main.cpp */; };
		802D6DE017F5E97600A6420E /* sudoku.1 in CopyFiles */ = {isa = PBXBuildFile; fileRef = 802D6DDF17F5E97600A6420E /* sudoku.1 */; };
/* End PBXBuildFile section */

/* Begin PBXCopyFilesBuildPhase section */
		802D6DD717F5E97600A6420E /* CopyFiles */ = {
			isa = PBXCopyFilesBuildPhase;
			buildActionMask = 2147483647;
			dstPath = /usr/share/man/man1/;
			dstSubfolderSpec = 0;
			files = (
				802D6DE017F5E97600A6420E /* sudoku.1 in CopyFiles */,
			);
			runOnlyForDeploymentPostprocessing = 1;
		};
/* End PBXCopyFilesBuildPhase section */

/* Begin PBXFileReference section */
		802D6DD917F5E97600A6420E /* sudoku */ = {isa = PBXFileReference; explicitFileType = "compiled.mach-o.executable"; includeInIndex = 0; path = sudoku; sourceTree = BUILT_PRODUCTS_DIR; };
		802D6DDD17F5E97600A6420E /* main.cpp */ = {isa = PBXFileReference; lastKnownFileType = sourcecode.cpp.cpp; path = main.cpp; sourceTree = "<group>"; };
		802D6DDF17F5E97600A6420E /* sudoku.1 */ = {isa = PBXFileReference; lastKnownFileType = text.man; path = sudoku.1; sourceTree = "<group>"; };
/* End PBXFileReference section */

/* Begin PBXFrameworksBuildPhase section */
		802D6DD617F5E97600A6420E /* Frameworks */ = {
			isa = PBXFrameworksBuildPhase;
			buildActionMask = 2147483647;
			files = (
			);
			runOnlyForDeploymentPostprocessing = 0;
		};
/* End PBXFrameworksBuildPhase section */

/* Begin PBXGroup section */
		802D6DCE17F5E97500A6420E = {
			isa = PBXGroup;
			children = (
				802D6DDC17F5E97600A6420E /* sudoku */,
				802D6DDA17F5E97600A6420E /* Products */,
			);
			sourceTree = "<group>";
		};
		802D6DDA17F5E97600A6420E /* Products */ = {
			isa = PBXGroup;
			children = (
				802D6DD917F5E97600A6420E /* sudoku */,
			);
			name = Products;
			sourceTree = "<group>";
		};
		802D6DDC17F5E97600A6420E /* sudoku */ = {
			isa = PBXGroup;
			children = (
				802D6DDD17F5E97600A6420E /* main.cpp */,
				802D6DDF17F5E97600A6420E /* sudoku.1 */,
			);
			path = sudoku;
			sourceTree = "<group>";
		};
/* End PBXGroup section */

/* Begin PBXNativeTarget section */
		802D6DD817F5E97600A6420E /* sudoku */ = {
			isa = PBXNativeTarget;
			buildConfigurationList = 802D6DE317F5E97600A6420E /* Build configuration list for PBXNativeTarget "sudoku" */;
			buildPhases = (
				802D6DD517F5E97600A6420E /* Sources */,
				802D6DD617F5E97600A6420E /* Frameworks */,
				802D6DD717F5E97600A6420E /* CopyFiles */,
			);
			buildRules = (
			);
			dependencies = (
			);
			name = sudoku;
			productName = sudoku;
			productReference = 802D6DD917F5E97600A6420E /* sudoku */;
			productType = "com.apple.product-type.tool";
		};
/* End PBXNativeTarget section */

/* Begin PBXProject section */
		802D6DD017F5E97500A6420E /* Project object */ = {
			isa = PBXProject;
			attributes = {
				LastUpgradeCheck = 0420;
				ORGANIZATIONNAME = "Vanderbilt University";
			};
			buildConfigurationList = 802D6DD317F5E97500A6420E /* Build configuration list for PBXProject "sudoku" */;
			compatibilityVersion = "Xcode 3.2";
			developmentRegion = English;
			hasScannedForEncodings = 0;
			knownRegions = (
				en,
			);
			mainGroup = 802D6DCE17F5E97500A6420E;
			productRefGroup = 802D6DDA17F5E97600A6420E /* Products */;
			projectDirPath = "";
			projectRoot = "";
			targets = (
				802D6DD817F5E97600A6420E /* sudoku */,
			);
		};
/* End PBXProject section */

/* Begin PBXSourcesBuildPhase section */
		802D6DD517F5E97600A6420E /* Sources */ = {
			isa = PBXSourcesBuildPhase;
			buildActionMask = 2147483647;
			files = (
				802D6DDE17F5E97600A6420E /* main.cpp in Sources */,
			);
			runOnlyForDeploymentPostprocessing = 0;
		};
/* End PBXSourcesBuildPhase section */

/* Begin XCBuildConfiguration section */
		802D6DE117F5E97600A6420E /* Debug */ = {
			isa = XCBuildConfiguration;
			buildSettings = {
				ALWAYS_SEARCH_USER_PATHS = NO;
				ARCHS = "$(ARCHS_STANDARD_64_BIT)";
				CLANG_ENABLE_OBJC_ARC = YES;
				COPY_PHASE_STRIP = NO;
				GCC_C_LANGUAGE_STANDARD = gnu99;
				GCC_DYNAMIC_NO_PIC = NO;
				GCC_ENABLE_OBJC_EXCEPTIONS = YES;
				GCC_OPTIMIZATION_LEVEL = 0;
				GCC_PREPROCESSOR_DEFINITIONS = (
					"DEBUG=1",
					"$(inherited)",
				);
				GCC_SYMBOLS_PRIVATE_EXTERN = NO;
				GCC_VERSION = com.apple.compilers.llvm.clang.1_0;
				GCC_WARN_64_TO_32_BIT_CONVERSION = YES;
				GCC_WARN_ABOUT_MISSING_PROTOTYPES = YES;
				GCC_WARN_ABOUT_RETURN_TYPE = YES;
				GCC_WARN_UNUSED_VARIABLE = YES;
				MACOSX_DEPLOYMENT_TARGET = 10.7;
				ONLY_ACTIVE_ARCH = YES;
				SDKROOT = macosx;
			};
			name = Debug;
		};
		802D6DE217F5E97600A6420E /* Release */ = {
			isa = XCBuildConfiguration;
			buildSettings = {
				ALWAYS_SEARCH_USER_PATHS = NO;
				ARCHS = "$(ARCHS_STANDARD_64_BIT)";
				CLANG_ENABLE_OBJC_ARC = YES;
				COPY_PHASE_STRIP = YES;
				DEBUG_INFORMATION_FORMAT = "dwarf-with-dsym";
				GCC_C_LANGUAGE_STANDARD = gnu99;
				GCC_ENABLE_OBJC_EXCEPTIONS = YES;
				GCC_VERSION = com.apple.compilers.llvm.clang.1_0;
				GCC_WARN_64_TO_32_BIT_CONVERSION = YES;
				GCC_WARN_ABOUT_MISSING_PROTOTYPES = YES;
				GCC_WARN_ABOUT_RETURN_TYPE = YES;
				GCC_WARN_UNUSED_VARIABLE = YES;
				MACOSX_DEPLOYMENT_TARGET = 10.7;
				SDKROOT = macosx;
			};
			name = Release;
		};
		802D6DE417F5E97600A6420E /* Debug */ = {
			isa = XCBuildConfiguration;
			buildSettings = {
				PRODUCT_NAME = "$(TARGET_NAME)";
			};
			name = Debug;
		};
		802D6DE517F5E97600A6420E /* Release */ = {
			isa = XCBuildConfiguration;
			buildSettings = {
				PRODUCT_NAME = "$(TARGET_NAME)";
			};
			name = Release;
		};
/* End XCBuildConfiguration section */

/* Begin XCConfigurationList section */
		802D6DD317F5E97500A6420E /* Build configuration list for PBXProject "sudoku" */ = {
			isa = XCConfigurationList;
			buildConfigurations = (
				802D6DE117F5E97600A6420E /* Debug */,
				802D6DE217F5E97600A6420E /* Release */,
			);
			defaultConfigurationIsVisible = 0;
			defaultConfigurationName = Release;
		};
		802D6DE317F5E97600A6420E /* Build configuration list for PBXNativeTarget "sudoku" */ = {
			isa = XCConfigurationList;
			buildConfigurations = (
				802D6DE417F5E97600A6420E /* Debug */,
				802D6DE517F5E97600A6420E /* Release */,
			);
			defaultConfigurationIsVisible = 0;
		};
/* End XCConfigurationList section */
	};
	rootObject = 802D6DD017F5E97500A6420E /* Project object */;
}
